// !$*UTF8*$!
{
	archiveVersion = 1;
	classes = {
	};
	objectVersion = 77;
	objects = {

/* Begin PBXBuildFile section */
		04C482CF2F339A42005FE905 /* Assets.xcassets in Resources */ = {isa = PBXBuildFile; fileRef = 04C482C82F339A42005FE905 /* Assets.xcassets */; };
		04C482D02F339A42005FE905 /* ContentView.swift in Sources */ = {isa = PBXBuildFile; fileRef = 04C482C92F339A42005FE905 /* ContentView.swift */; };
		04C482D12F339A42005FE905 /* NetworkManager.swift in Sources */ = {isa = PBXBuildFile; fileRef = 04C482CA2F339A42005FE905 /* NetworkManager.swift */; };
		04C482D22F339A42005FE905 /* Poke_monDrawApp.swift in Sources */ = {isa = PBXBuildFile; fileRef = 04C482CB2F339A42005FE905 /* Poke_monDrawApp.swift */; };
		04C482D32F339A42005FE905 /* PokemonDTO.swift in Sources */ = {isa = PBXBuildFile; fileRef = 04C482CC2F339A42005FE905 /* PokemonDTO.swift */; };
		04C482D42F339A42005FE905 /* PokemonModel.swift in Sources */ = {isa = PBXBuildFile; fileRef = 04C482CD2F339A42005FE905 /* PokemonModel.swift */; };
		04C482D62F34A846005FE905 /* PokemonType.swift in Sources */ = {isa = PBXBuildFile; fileRef = 04C482D52F34A846005FE905 /* PokemonType.swift */; };
		04C482D82F35D650005FE905 /* PokemonDrawViewModel.swift in Sources */ = {isa = PBXBuildFile; fileRef = 04C482D72F35D650005FE905 /* PokemonDrawViewModel.swift */; };
		04C482DA2F35DBD1005FE905 /* StoreView.swift in Sources */ = {isa = PBXBuildFile; fileRef = 04C482D92F35DBD1005FE905 /* StoreView.swift */; };
		04C482DC2F35DCFB005FE905 /* PokemonDetailCard.swift in Sources */ = {isa = PBXBuildFile; fileRef = 04C482DB2F35DCFB005FE905 /* PokemonDetailCard.swift */; };
		04C482DE2F35F9D0005FE905 /* Extension.swift in Sources */ = {isa = PBXBuildFile; fileRef = 04C482DD2F35F9D0005FE905 /* Extension.swift */; };
		04C482E02F3608A5005FE905 /* PokedexViewModel.swift in Sources */ = {isa = PBXBuildFile; fileRef = 04C482DF2F3608A5005FE905 /* PokedexViewModel.swift */; };
		04C482E22F36095A005FE905 /* PokedexView.swift in Sources */ = {isa = PBXBuildFile; fileRef = 04C482E12F36095A005FE905 /* PokedexView.swift */; };
		04C482F12F3B045D005FE905 /* MyPokemonModel.swift in Sources */ = {isa = PBXBuildFile; fileRef = 04C482F02F3B045D005FE905 /* MyPokemonModel.swift */; };
/* End PBXBuildFile section */

/* Begin PBXFileReference section */
		04C482B22F330A11005FE905 /* PokémonDraw.app */ = {isa = PBXFileReference; explicitFileType = wrapper.application; includeInIndex = 0; path = "PokémonDraw.app"; sourceTree = BUILT_PRODUCTS_DIR; };
		04C482C82F339A42005FE905 /* Assets.xcassets */ = {isa = PBXFileReference; lastKnownFileType = folder.assetcatalog; path = Assets.xcassets; sourceTree = "<group>"; };
		04C482C92F339A42005FE905 /* ContentView.swift */ = {isa = PBXFileReference; lastKnownFileType = sourcecode.swift; path = ContentView.swift; sourceTree = "<group>"; };
		04C482CA2F339A42005FE905 /* NetworkManager.swift */ = {isa = PBXFileReference; lastKnownFileType = sourcecode.swift; path = NetworkManager.swift; sourceTree = "<group>"; };
		04C482CB2F339A42005FE905 /* Poke_monDrawApp.swift */ = {isa = PBXFileReference; lastKnownFileType = sourcecode.swift; path = Poke_monDrawApp.swift; sourceTree = "<group>"; };
		04C482CC2F339A42005FE905 /* PokemonDTO.swift */ = {isa = PBXFileReference; lastKnownFileType = sourcecode.swift; path = PokemonDTO.swift; sourceTree = "<group>"; };
		04C482CD2F339A42005FE905 /* PokemonModel.swift */ = {isa = PBXFileReference; lastKnownFileType = sourcecode.swift; path = PokemonModel.swift; sourceTree = "<group>"; };
		04C482D52F34A846005FE905 /* PokemonType.swift */ = {isa = PBXFileReference; lastKnownFileType = sourcecode.swift; path = PokemonType.swift; sourceTree = "<group>"; };
		04C482D72F35D650005FE905 /* PokemonDrawViewModel.swift */ = {isa = PBXFileReference; lastKnownFileType = sourcecode.swift; path = PokemonDrawViewModel.swift; sourceTree = "<group>"; };
		04C482D92F35DBD1005FE905 /* StoreView.swift */ = {isa = PBXFileReference; lastKnownFileType = sourcecode.swift; path = StoreView.swift; sourceTree = "<group>"; };
		04C482DB2F35DCFB005FE905 /* PokemonDetailCard.swift */ = {isa = PBXFileReference; lastKnownFileType = sourcecode.swift; path = PokemonDetailCard.swift; sourceTree = "<group>"; };
		04C482DD2F35F9D0005FE905 /* Extension.swift */ = {isa = PBXFileReference; lastKnownFileType = sourcecode.swift; path = Extension.swift; sourceTree = "<group>"; };
		04C482DF2F3608A5005FE905 /* PokedexViewModel.swift */ = {isa = PBXFileReference; lastKnownFileType = sourcecode.swift; path = PokedexViewModel.swift; sourceTree = "<group>"; };
		04C482E12F36095A005FE905 /* PokedexView.swift */ = {isa = PBXFileReference; lastKnownFileType = sourcecode.swift; path = PokedexView.swift; sourceTree = "<group>"; };
		04C482F02F3B045D005FE905 /* MyPokemonModel.swift */ = {isa = PBXFileReference; lastKnownFileType = sourcecode.swift; path = MyPokemonModel.swift; sourceTree = "<group>"; };
/* End PBXFileReference section */

/* Begin PBXFrameworksBuildPhase section */
		04C482AF2F330A11005FE905 /* Frameworks */ = {
			isa = PBXFrameworksBuildPhase;
			buildActionMask = 2147483647;
			files = (
			);
			runOnlyForDeploymentPostprocessing = 0;
		};
/* End PBXFrameworksBuildPhase section */

/* Begin PBXGroup section */
		04C482A92F330A11005FE905 = {
			isa = PBXGroup;
			children = (
				04C482CE2F339A42005FE905 /* PokémonDraw */,
				04C482B32F330A11005FE905 /* Products */,
			);
			sourceTree = "<group>";
		};
		04C482B32F330A11005FE905 /* Products */ = {
			isa = PBXGroup;
			children = (
				04C482B22F330A11005FE905 /* PokémonDraw.app */,
			);
			name = Products;
			sourceTree = "<group>";
		};
		04C482CE2F339A42005FE905 /* PokémonDraw */ = {
			isa = PBXGroup;
			children = (
				04C482C82F339A42005FE905 /* Assets.xcassets */,
				04C482EE2F3B0417005FE905 /* App */,
				04C482ED2F3B040D005FE905 /* Models */,
				04C482E72F3B0399005FE905 /* Views */,
				04C482E52F3B037D005FE905 /* ViewModels */,
				04C482E62F3B0388005FE905 /* Services */,
				04C482EC2F3B03FE005FE905 /* Utilities */,
			);
			path = "PokémonDraw";
			sourceTree = "<group>";
		};
		04C482E32F3B0363005FE905 /* Entities */ = {
			isa = PBXGroup;
			children = (
				04C482CD2F339A42005FE905 /* PokemonModel.swift */,
				04C482D52F34A846005FE905 /* PokemonType.swift */,
			);
			path = Entities;
			sourceTree = "<group>";
		};
		04C482E42F3B036D005FE905 /* DTOs */ = {
			isa = PBXGroup;
			children = (
				04C482CC2F339A42005FE905 /* PokemonDTO.swift */,
			);
			path = DTOs;
			sourceTree = "<group>";
		};
		04C482E52F3B037D005FE905 /* ViewModels */ = {
			isa = PBXGroup;
			children = (
				04C482D72F35D650005FE905 /* PokemonDrawViewModel.swift */,
				04C482DF2F3608A5005FE905 /* PokedexViewModel.swift */,
			);
			path = ViewModels;
			sourceTree = "<group>";
		};
		04C482E62F3B0388005FE905 /* Services */ = {
			isa = PBXGroup;
			children = (
				04C482CA2F339A42005FE905 /* NetworkManager.swift */,
			);
			path = Services;
			sourceTree = "<group>";
		};
		04C482E72F3B0399005FE905 /* Views */ = {
			isa = PBXGroup;
			children = (
				04C482E92F3B03BB005FE905 /* Draw */,
				04C482EA2F3B03C3005FE905 /* Store */,
				04C482EB2F3B03CE005FE905 /* Pokedex */,
				04C482E82F3B03AD005FE905 /* Components */,
			);
			path = Views;
			sourceTree = "<group>";
		};
		04C482E82F3B03AD005FE905 /* Components */ = {
			isa = PBXGroup;
			children = (
				04C482DB2F35DCFB005FE905 /* PokemonDetailCard.swift */,
			);
			path = Components;
			sourceTree = "<group>";
		};
		04C482E92F3B03BB005FE905 /* Draw */ = {
			isa = PBXGroup;
			children = (
				04C482C92F339A42005FE905 /* ContentView.swift */,
			);
			path = Draw;
			sourceTree = "<group>";
		};
		04C482EA2F3B03C3005FE905 /* Store */ = {
			isa = PBXGroup;
			children = (
				04C482D92F35DBD1005FE905 /* StoreView.swift */,
			);
			path = Store;
			sourceTree = "<group>";
		};
		04C482EB2F3B03CE005FE905 /* Pokedex */ = {
			isa = PBXGroup;
			children = (
				04C482E12F36095A005FE905 /* PokedexView.swift */,
			);
			path = Pokedex;
			sourceTree = "<group>";
		};
		04C482EC2F3B03FE005FE905 /* Utilities */ = {
			isa = PBXGroup;
			children = (
				04C482DD2F35F9D0005FE905 /* Extension.swift */,
			);
			path = Utilities;
			sourceTree = "<group>";
		};
		04C482ED2F3B040D005FE905 /* Models */ = {
			isa = PBXGroup;
			children = (
				04C482EF2F3B0441005FE905 /* Persistence */,
				04C482E32F3B0363005FE905 /* Entities */,
				04C482E42F3B036D005FE905 /* DTOs */,
			);
			path = Models;
			sourceTree = "<group>";
		};
		04C482EE2F3B0417005FE905 /* App */ = {
			isa = PBXGroup;
			children = (
				04C482CB2F339A42005FE905 /* Poke_monDrawApp.swift */,
			);
			path = App;
			sourceTree = "<group>";
		};
		04C482EF2F3B0441005FE905 /* Persistence */ = {
			isa = PBXGroup;
			children = (
				04C482F02F3B045D005FE905 /* MyPokemonModel.swift */,
			);
			path = Persistence;
			sourceTree = "<group>";
		};
/* End PBXGroup section */

/* Begin PBXNativeTarget section */
		04C482B12F330A11005FE905 /* PokémonDraw */ = {
			isa = PBXNativeTarget;
			buildConfigurationList = 04C482BD2F330A13005FE905 /* Build configuration list for PBXNativeTarget "PokémonDraw" */;
			buildPhases = (
				04C482AE2F330A11005FE905 /* Sources */,
				04C482AF2F330A11005FE905 /* Frameworks */,
				04C482B02F330A11005FE905 /* Resources */,
			);
			buildRules = (
			);
			dependencies = (
			);
			name = "PokémonDraw";
			packageProductDependencies = (
			);
			productName = "PokémonDraw";
			productReference = 04C482B22F330A11005FE905 /* PokémonDraw.app */;
			productType = "com.apple.product-type.application";
		};
/* End PBXNativeTarget section */

/* Begin PBXProject section */
		04C482AA2F330A11005FE905 /* Project object */ = {
			isa = PBXProject;
			attributes = {
				BuildIndependentTargetsInParallel = 1;
				LastSwiftUpdateCheck = 2610;
				LastUpgradeCheck = 2610;
				TargetAttributes = {
					04C482B12F330A11005FE905 = {
						CreatedOnToolsVersion = 26.1.1;
					};
				};
			};
			buildConfigurationList = 04C482AD2F330A11005FE905 /* Build configuration list for PBXProject "PokémonDraw" */;
			developmentRegion = en;
			hasScannedForEncodings = 0;
			knownRegions = (
				en,
				Base,
			);
			mainGroup = 04C482A92F330A11005FE905;
			minimizedProjectReferenceProxies = 1;
			preferredProjectObjectVersion = 77;
			productRefGroup = 04C482B32F330A11005FE905 /* Products */;
			projectDirPath = "";
			projectRoot = "";
			targets = (
				04C482B12F330A11005FE905 /* PokémonDraw */,
			);
		};
/* End PBXProject section */

/* Begin PBXResourcesBuildPhase section */
		04C482B02F330A11005FE905 /* Resources */ = {
			isa = PBXResourcesBuildPhase;
			buildActionMask = 2147483647;
			files = (
				04C482CF2F339A42005FE905 /* Assets.xcassets in Resources */,
			);
			runOnlyForDeploymentPostprocessing = 0;
		};
/* End PBXResourcesBuildPhase section */

/* Begin PBXSourcesBuildPhase section */
		04C482AE2F330A11005FE905 /* Sources */ = {
			isa = PBXSourcesBuildPhase;
			buildActionMask = 2147483647;
			files = (
				04C482D02F339A42005FE905 /* ContentView.swift in Sources */,
				04C482D12F339A42005FE905 /* NetworkManager.swift in Sources */,
				04C482F12F3B045D005FE905 /* MyPokemonModel.swift in Sources */,
				04C482DA2F35DBD1005FE905 /* StoreView.swift in Sources */,
				04C482E22F36095A005FE905 /* PokedexView.swift in Sources */,
				04C482D22F339A42005FE905 /* Poke_monDrawApp.swift in Sources */,
				04C482D62F34A846005FE905 /* PokemonType.swift in Sources */,
				04C482DE2F35F9D0005FE905 /* Extension.swift in Sources */,
				04C482D82F35D650005FE905 /* PokemonDrawViewModel.swift in Sources */,
				04C482E02F3608A5005FE905 /* PokedexViewModel.swift in Sources */,
				04C482DC2F35DCFB005FE905 /* PokemonDetailCard.swift in Sources */,
				04C482D32F339A42005FE905 /* PokemonDTO.swift in Sources */,
				04C482D42F339A42005FE905 /* PokemonModel.swift in Sources */,
			);
			runOnlyForDeploymentPostprocessing = 0;
		};
/* End PBXSourcesBuildPhase section */

/* Begin XCBuildConfiguration section */
		04C482BB2F330A13005FE905 /* Debug */ = {
			isa = XCBuildConfiguration;
			buildSettings = {
				ALWAYS_SEARCH_USER_PATHS = NO;
				ASSETCATALOG_COMPILER_GENERATE_SWIFT_ASSET_SYMBOL_EXTENSIONS = YES;
				CLANG_ANALYZER_NONNULL = YES;
				CLANG_ANALYZER_NUMBER_OBJECT_CONVERSION = YES_AGGRESSIVE;
				CLANG_CXX_LANGUAGE_STANDARD = "gnu++20";
				CLANG_ENABLE_MODULES = YES;
				CLANG_ENABLE_OBJC_ARC = YES;
				CLANG_ENABLE_OBJC_WEAK = YES;
				CLANG_WARN_BLOCK_CAPTURE_AUTORELEASING = YES;
				CLANG_WARN_BOOL_CONVERSION = YES;
				CLANG_WARN_COMMA = YES;
				CLANG_WARN_CONSTANT_CONVERSION = YES;
				CLANG_WARN_DEPRECATED_OBJC_IMPLEMENTATIONS = YES;
				CLANG_WARN_DIRECT_OBJC_ISA_USAGE = YES_ERROR;
				CLANG_WARN_DOCUMENTATION_COMMENTS = YES;
				CLANG_WARN_EMPTY_BODY = YES;
				CLANG_WARN_ENUM_CONVERSION = YES;
				CLANG_WARN_INFINITE_RECURSION = YES;
				CLANG_WARN_INT_CONVERSION = YES;
				CLANG_WARN_NON_LITERAL_NULL_CONVERSION = YES;
				CLANG_WARN_OBJC_IMPLICIT_RETAIN_SELF = YES;
				CLANG_WARN_OBJC_LITERAL_CONVERSION = YES;
				CLANG_WARN_OBJC_ROOT_CLASS = YES_ERROR;
				CLANG_WARN_QUOTED_INCLUDE_IN_FRAMEWORK_HEADER = YES;
				CLANG_WARN_RANGE_LOOP_ANALYSIS = YES;
				CLANG_WARN_STRICT_PROTOTYPES = YES;
				CLANG_WARN_SUSPICIOUS_MOVE = YES;
				CLANG_WARN_UNGUARDED_AVAILABILITY = YES_AGGRESSIVE;
				CLANG_WARN_UNREACHABLE_CODE = YES;
				CLANG_WARN__DUPLICATE_METHOD_MATCH = YES;
				COPY_PHASE_STRIP = NO;
				DEBUG_INFORMATION_FORMAT = dwarf;
				DEVELOPMENT_TEAM = 7492YXB292;
				ENABLE_STRICT_OBJC_MSGSEND = YES;
				ENABLE_TESTABILITY = YES;
				ENABLE_USER_SCRIPT_SANDBOXING = YES;
				GCC_C_LANGUAGE_STANDARD = gnu17;
				GCC_DYNAMIC_NO_PIC = NO;
				GCC_NO_COMMON_BLOCKS = YES;
				GCC_OPTIMIZATION_LEVEL = 0;
				GCC_PREPROCESSOR_DEFINITIONS = (
					"DEBUG=1",
					"$(inherited)",
				);
				GCC_WARN_64_TO_32_BIT_CONVERSION = YES;
				GCC_WARN_ABOUT_RETURN_TYPE = YES_ERROR;
				GCC_WARN_UNDECLARED_SELECTOR = YES;
				GCC_WARN_UNINITIALIZED_AUTOS = YES_AGGRESSIVE;
				GCC_WARN_UNUSED_FUNCTION = YES;
				GCC_WARN_UNUSED_VARIABLE = YES;
				IPHONEOS_DEPLOYMENT_TARGET = 26.1;
				LOCALIZATION_PREFERS_STRING_CATALOGS = YES;
				MTL_ENABLE_DEBUG_INFO = INCLUDE_SOURCE;
				MTL_FAST_MATH = YES;
				ONLY_ACTIVE_ARCH = YES;
				SDKROOT = iphoneos;
				SWIFT_ACTIVE_COMPILATION_CONDITIONS = "DEBUG $(inherited)";
				SWIFT_OPTIMIZATION_LEVEL = "-Onone";
			};
			name = Debug;
		};
		04C482BC2F330A13005FE905 /* Release */ = {
			isa = XCBuildConfiguration;
			buildSettings = {
				ALWAYS_SEARCH_USER_PATHS = NO;
				ASSETCATALOG_COMPILER_GENERATE_SWIFT_ASSET_SYMBOL_EXTENSIONS = YES;
				CLANG_ANALYZER_NONNULL = YES;
				CLANG_ANALYZER_NUMBER_OBJECT_CONVERSION = YES_AGGRESSIVE;
				CLANG_CXX_LANGUAGE_STANDARD = "gnu++20";
				CLANG_ENABLE_MODULES = YES;
				CLANG_ENABLE_OBJC_ARC = YES;
				CLANG_ENABLE_OBJC_WEAK = YES;
				CLANG_WARN_BLOCK_CAPTURE_AUTORELEASING = YES;
				CLANG_WARN_BOOL_CONVERSION = YES;
				CLANG_WARN_COMMA = YES;
				CLANG_WARN_CONSTANT_CONVERSION = YES;
				CLANG_WARN_DEPRECATED_OBJC_IMPLEMENTATIONS = YES;
				CLANG_WARN_DIRECT_OBJC_ISA_USAGE = YES_ERROR;
				CLANG_WARN_DOCUMENTATION_COMMENTS = YES;
				CLANG_WARN_EMPTY_BODY = YES;
				CLANG_WARN_ENUM_CONVERSION = YES;
				CLANG_WARN_INFINITE_RECURSION = YES;
				CLANG_WARN_INT_CONVERSION = YES;
				CLANG_WARN_NON_LITERAL_NULL_CONVERSION = YES;
				CLANG_WARN_OBJC_IMPLICIT_RETAIN_SELF = YES;
				CLANG_WARN_OBJC_LITERAL_CONVERSION = YES;
				CLANG_WARN_OBJC_ROOT_CLASS = YES_ERROR;
				CLANG_WARN_QUOTED_INCLUDE_IN_FRAMEWORK_HEADER = YES;
				CLANG_WARN_RANGE_LOOP_ANALYSIS = YES;
				CLANG_WARN_STRICT_PROTOTYPES = YES;
				CLANG_WARN_SUSPICIOUS_MOVE = YES;
				CLANG_WARN_UNGUARDED_AVAILABILITY = YES_AGGRESSIVE;
				CLANG_WARN_UNREACHABLE_CODE = YES;
				CLANG_WARN__DUPLICATE_METHOD_MATCH = YES;
				COPY_PHASE_STRIP = NO;
				DEBUG_INFORMATION_FORMAT = "dwarf-with-dsym";
				DEVELOPMENT_TEAM = 7492YXB292;
				ENABLE_NS_ASSERTIONS = NO;
				ENABLE_STRICT_OBJC_MSGSEND = YES;
				ENABLE_USER_SCRIPT_SANDBOXING = YES;
				GCC_C_LANGUAGE_STANDARD = gnu17;
				GCC_NO_COMMON_BLOCKS = YES;
				GCC_WARN_64_TO_32_BIT_CONVERSION = YES;
				GCC_WARN_ABOUT_RETURN_TYPE = YES_ERROR;
				GCC_WARN_UNDECLARED_SELECTOR = YES;
				GCC_WARN_UNINITIALIZED_AUTOS = YES_AGGRESSIVE;
				GCC_WARN_UNUSED_FUNCTION = YES;
				GCC_WARN_UNUSED_VARIABLE = YES;
				IPHONEOS_DEPLOYMENT_TARGET = 26.1;
				LOCALIZATION_PREFERS_STRING_CATALOGS = YES;
				MTL_ENABLE_DEBUG_INFO = NO;
				MTL_FAST_MATH = YES;
				SDKROOT = iphoneos;
				SWIFT_COMPILATION_MODE = wholemodule;
				VALIDATE_PRODUCT = YES;
			};
			name = Release;
		};
		04C482BE2F330A13005FE905 /* Debug */ = {
			isa = XCBuildConfiguration;
			buildSettings = {
				ASSETCATALOG_COMPILER_APPICON_NAME = AppIcon;
				ASSETCATALOG_COMPILER_GLOBAL_ACCENT_COLOR_NAME = AccentColor;
				CODE_SIGN_STYLE = Automatic;
				CURRENT_PROJECT_VERSION = 1;
				DEVELOPMENT_TEAM = 7492YXB292;
				ENABLE_PREVIEWS = YES;
				GENERATE_INFOPLIST_FILE = YES;
				INFOPLIST_KEY_UIApplicationSceneManifest_Generation = YES;
				INFOPLIST_KEY_UIApplicationSupportsIndirectInputEvents = YES;
				INFOPLIST_KEY_UILaunchScreen_Generation = YES;
				INFOPLIST_KEY_UISupportedInterfaceOrientations_iPad = "UIInterfaceOrientationPortrait UIInterfaceOrientationPortraitUpsideDown UIInterfaceOrientationLandscapeLeft UIInterfaceOrientationLandscapeRight";
				INFOPLIST_KEY_UISupportedInterfaceOrientations_iPhone = "UIInterfaceOrientationPortrait UIInterfaceOrientationLandscapeLeft UIInterfaceOrientationLandscapeRight";
				IPHONEOS_DEPLOYMENT_TARGET = 17.6;
				LD_RUNPATH_SEARCH_PATHS = (
					"$(inherited)",
					"@executable_path/Frameworks",
				);
				MARKETING_VERSION = 1.0;
				PRODUCT_BUNDLE_IDENTIFIER = "com.toyProject.Poke-monDraw";
				PRODUCT_NAME = "$(TARGET_NAME)";
				STRING_CATALOG_GENERATE_SYMBOLS = YES;
				SWIFT_APPROACHABLE_CONCURRENCY = YES;
				SWIFT_DEFAULT_ACTOR_ISOLATION = MainActor;
				SWIFT_EMIT_LOC_STRINGS = YES;
				SWIFT_UPCOMING_FEATURE_MEMBER_IMPORT_VISIBILITY = YES;
				SWIFT_VERSION = 6.0;
				TARGETED_DEVICE_FAMILY = "1,2";
			};
			name = Debug;
		};
		04C482BF2F330A13005FE905 /* Release */ = {
			isa = XCBuildConfiguration;
			buildSettings = {
				ASSETCATALOG_COMPILER_APPICON_NAME = AppIcon;
				ASSETCATALOG_COMPILER_GLOBAL_ACCENT_COLOR_NAME = AccentColor;
				CODE_SIGN_STYLE = Automatic;
				CURRENT_PROJECT_VERSION = 1;
				DEVELOPMENT_TEAM = 7492YXB292;
				ENABLE_PREVIEWS = YES;
				GENERATE_INFOPLIST_FILE = YES;
				INFOPLIST_KEY_UIApplicationSceneManifest_Generation = YES;
				INFOPLIST_KEY_UIApplicationSupportsIndirectInputEvents = YES;
				INFOPLIST_KEY_UILaunchScreen_Generation = YES;
				INFOPLIST_KEY_UISupportedInterfaceOrientations_iPad = "UIInterfaceOrientationPortrait UIInterfaceOrientationPortraitUpsideDown UIInterfaceOrientationLandscapeLeft UIInterfaceOrientationLandscapeRight";
				INFOPLIST_KEY_UISupportedInterfaceOrientations_iPhone = "UIInterfaceOrientationPortrait UIInterfaceOrientationLandscapeLeft UIInterfaceOrientationLandscapeRight";
				IPHONEOS_DEPLOYMENT_TARGET = 17.6;
				LD_RUNPATH_SEARCH_PATHS = (
					"$(inherited)",
					"@executable_path/Frameworks",
				);
				MARKETING_VERSION = 1.0;
				PRODUCT_BUNDLE_IDENTIFIER = "com.toyProject.Poke-monDraw";
				PRODUCT_NAME = "$(TARGET_NAME)";
				STRING_CATALOG_GENERATE_SYMBOLS = YES;
				SWIFT_APPROACHABLE_CONCURRENCY = YES;
				SWIFT_DEFAULT_ACTOR_ISOLATION = MainActor;
				SWIFT_EMIT_LOC_STRINGS = YES;
				SWIFT_UPCOMING_FEATURE_MEMBER_IMPORT_VISIBILITY = YES;
				SWIFT_VERSION = 6.0;
				TARGETED_DEVICE_FAMILY = "1,2";
			};
			name = Release;
		};
/* End XCBuildConfiguration section */

/* Begin XCConfigurationList section */
		04C482AD2F330A11005FE905 /* Build configuration list for PBXProject "PokémonDraw" */ = {
			isa = XCConfigurationList;
			buildConfigurations = (
				04C482BB2F330A13005FE905 /* Debug */,
				04C482BC2F330A13005FE905 /* Release */,
			);
			defaultConfigurationIsVisible = 0;
			defaultConfigurationName = Release;
		};
		04C482BD2F330A13005FE905 /* Build configuration list for PBXNativeTarget "PokémonDraw" */ = {
			isa = XCConfigurationList;
			buildConfigurations = (
				04C482BE2F330A13005FE905 /* Debug */,
				04C482BF2F330A13005FE905 /* Release */,
			);
			defaultConfigurationIsVisible = 0;
			defaultConfigurationName = Release;
		};
/* End XCConfigurationList section */
	};
	rootObject = 04C482AA2F330A11005FE905 /* Project object */;
}
